
Microsoft Visual Studio Solution File, Format Version 12.00
# Visual Studio Version 17
VisualStudioVersion = 17.0.32112.339
MinimumVisualStudioVersion = 10.0.40219.1
Project("{FAE04EC0-301F-11D3-BF4B-00C04F79EFBC}") = "BackgroundService", "BackgroundService\BackgroundService.csproj", "{4AF77459-5871-4568-AFBA-FC7AE04302AF}"
EndProject
Project("{FAE04EC0-301F-11D3-BF4B-00C04F79EFBC}") = "Core", "Core\Core.csproj", "{3622F61D-E528-4532-8D22-3B3618C36FD3}"
EndProject
Project("{FAE04EC0-301F-11D3-BF4B-00C04F79EFBC}") = "PlaynitePlugin", "PlaynitePlugin\PlaynitePlugin.csproj", "{4FDF1E89-5BC3-4C72-8FDA-0D580E7A5D5F}"
EndProject
Project("{2150E333-8FDC-42A3-9474-1A3956D46DE8}") = "Project files", "Project files", "{3A6C9444-DBD4-4F9C-BAA9-8FBBCAFB9E2D}"
	ProjectSection(SolutionItems) = preProject
		README.md = README.md
	EndProjectSection
EndProject
Global
	GlobalSection(SolutionConfigurationPlatforms) = preSolution
		Debug|Any CPU = Debug|Any CPU
		Release|Any CPU = Release|Any CPU
	EndGlobalSection
	GlobalSection(ProjectConfigurationPlatforms) = postSolution
		{4AF77459-5871-4568-AFBA-FC7AE04302AF}.Debug|Any CPU.ActiveCfg = Debug|Any CPU
		{4AF77459-5871-4568-AFBA-FC7AE04302AF}.Debug|Any CPU.Build.0 = Debug|Any CPU
		{4AF77459-5871-4568-AFBA-FC7AE04302AF}.Release|Any CPU.ActiveCfg = Release|Any CPU
		{4AF77459-5871-4568-AFBA-FC7AE04302AF}.Release|Any CPU.Build.0 = Release|Any CPU
		{3622F61D-E528-4532-8D22-3B3618C36FD3}.Debug|Any CPU.ActiveCfg = Debug|Any CPU
		{3622F61D-E528-4532-8D22-3B3618C36FD3}.Debug|Any CPU.Build.0 = Debug|Any CPU
		{3622F61D-E528-4532-8D22-3B3618C36FD3}.Release|Any CPU.ActiveCfg = Release|Any CPU
		{3622F61D-E528-4532-8D22-3B3618C36FD3}.Release|Any CPU.Build.0 = Release|Any CPU
		{4FDF1E89-5BC3-4C72-8FDA-0D580E7A5D5F}.Debug|Any CPU.ActiveCfg = Debug|Any CPU
		{4FDF1E89-5BC3-4C72-8FDA-0D580E7A5D5F}.Debug|Any CPU.Build.0 = Debug|Any CPU
		{4FDF1E89-5BC3-4C72-8FDA-0D580E7A5D5F}.Release|Any CPU.ActiveCfg = Release|Any CPU
		{4FDF1E89-5BC3-4C72-8FDA-0D580E7A5D5F}.Release|Any CPU.Build.0 = Release|Any CPU
	EndGlobalSection
	GlobalSection(SolutionProperties) = preSolution
		HideSolutionNode = FALSE
	EndGlobalSection
	GlobalSection(ExtensibilityGlobals) = postSolution
		SolutionGuid = {F237FEB4-7DBE-48E0-B5AB-18337D5A8456}
	EndGlobalSection
EndGlobal
