
Microsoft Visual Studio Solution File, Format Version 12.00
# Visual Studio Version 17
VisualStudioVersion = 17.0.32112.339
MinimumVisualStudioVersion = 10.0.40219.1
Project("{FAE04EC0-301F-11D3-BF4B-00C04F79EFBC}") = "TVGamingService", "TVGamingService\TVGamingService.csproj", "{4AF77459-5871-4568-AFBA-FC7AE04302AF}"
EndProject
Global
	GlobalSection(SolutionConfigurationPlatforms) = preSolution
		Debug|Any CPU = Debug|Any CPU
		Release|Any CPU = Release|Any CPU
	EndGlobalSection
	GlobalSection(ProjectConfigurationPlatforms) = postSolution
		{4AF77459-5871-4568-AFBA-FC7AE04302AF}.Debug|Any CPU.ActiveCfg = Debug|Any CPU
		{4AF77459-5871-4568-AFBA-FC7AE04302AF}.Debug|Any CPU.Build.0 = Debug|Any CPU
		{4AF77459-5871-4568-AFBA-FC7AE04302AF}.Release|Any CPU.ActiveCfg = Release|Any CPU
		{4AF77459-5871-4568-AFBA-FC7AE04302AF}.Release|Any CPU.Build.0 = Release|Any CPU
	EndGlobalSection
	GlobalSection(SolutionProperties) = preSolution
		HideSolutionNode = FALSE
	EndGlobalSection
	GlobalSection(ExtensibilityGlobals) = postSolution
		SolutionGuid = {F237FEB4-7DBE-48E0-B5AB-18337D5A8456}
	EndGlobalSection
EndGlobal
